
Microsoft Visual Studio Solution File, Format Version 12.00
# Visual Studio Version 17
VisualStudioVersion = 17.4.33122.133
MinimumVisualStudioVersion = 10.0.40219.1
Project("{9A19103F-16F7-4668-BE54-9A1E7A4F7556}") = "SyncFolders", "ConsoleApp1\SyncFolders.csproj", "{A0C5B11D-77D3-44F4-A3A7-B63F50D278A5}"
EndProject
Global
	GlobalSection(SolutionConfigurationPlatforms) = preSolution
		Debug|Any CPU = Debug|Any CPU
		Release|Any CPU = Release|Any CPU
	EndGlobalSection
	GlobalSection(ProjectConfigurationPlatforms) = postSolution
		{A0C5B11D-77D3-44F4-A3A7-B63F50D278A5}.Debug|Any CPU.ActiveCfg = Debug|Any CPU
		{A0C5B11D-77D3-44F4-A3A7-B63F50D278A5}.Debug|Any CPU.Build.0 = Debug|Any CPU
		{A0C5B11D-77D3-44F4-A3A7-B63F50D278A5}.Release|Any CPU.ActiveCfg = Release|Any CPU
		{A0C5B11D-77D3-44F4-A3A7-B63F50D278A5}.Release|Any CPU.Build.0 = Release|Any CPU
	EndGlobalSection
	GlobalSection(SolutionProperties) = preSolution
		HideSolutionNode = FALSE
	EndGlobalSection
	GlobalSection(ExtensibilityGlobals) = postSolution
		SolutionGuid = {CFD03117-F0AB-404E-AE08-6FF101961484}
	EndGlobalSection
EndGlobal
